# This file is automatically @generated by Poetry 1.6.1 and should not be changed by hand.

[[package]]
name = "certifi"
version = "2023.7.22"
description = "Python package for providing Mozilla's CA Bundle."
optional = false
python-versions = ">=3.6"
files = [
    {file = "certifi-2023.7.22-py3-none-any.whl", hash = "sha256:92d6037539857d8206b8f6ae472e8b77db8058fec5937a1ef3f54304089edbb9"},
    {file = "certifi-2023.7.22.tar.gz", hash = "sha256:539cc1d13202e33ca466e88b2807e29f4c13049d6d87031a3c110744495cb082"},
]

[[package]]
name = "charset-normalizer"
version = "3.3.1"
description = "The Real First Universal Charset Detector. Open, modern and actively maintained alternative to Chardet."
optional = false
python-versions = ">=3.7.0"
files = [
    {file = "charset-normalizer-3.3.1.tar.gz", hash = "sha256:d9137a876020661972ca6eec0766d81aef8a5627df628b664b234b73396e727e"},
    {file = "charset_normalizer-3.3.1-cp310-cp310-macosx_10_9_universal2.whl", hash = "sha256:8aee051c89e13565c6bd366813c386939f8e928af93c29fda4af86d25b73d8f8"},
    {file = "charset_normalizer-3.3.1-cp310-cp310-macosx_10_9_x86_64.whl", hash = "sha256:352a88c3df0d1fa886562384b86f9a9e27563d4704ee0e9d56ec6fcd270ea690"},
    {file = "charset_normalizer-3.3.1-cp310-cp310-macosx_11_0_arm64.whl", hash = "sha256:223b4d54561c01048f657fa6ce41461d5ad8ff128b9678cfe8b2ecd951e3f8a2"},
    {file = "charset_normalizer-3.3.1-cp310-cp310-manylinux_2_17_aarch64.manylinux2014_aarch64.whl", hash = "sha256:4f861d94c2a450b974b86093c6c027888627b8082f1299dfd5a4bae8e2292821"},
    {file = "charset_normalizer-3.3.1-cp310-cp310-manylinux_2_17_ppc64le.manylinux2014_ppc64le.whl", hash = "sha256:1171ef1fc5ab4693c5d151ae0fdad7f7349920eabbaca6271f95969fa0756c2d"},
    {file = "charset_normalizer-3.3.1-cp310-cp310-manylinux_2_17_s390x.manylinux2014_s390x.whl", hash = "sha256:28f512b9a33235545fbbdac6a330a510b63be278a50071a336afc1b78781b147"},
    {file = "charset_normalizer-3.3.1-cp310-cp310-manylinux_2_17_x86_64.manylinux2014_x86_64.whl", hash = "sha256:c0e842112fe3f1a4ffcf64b06dc4c61a88441c2f02f373367f7b4c1aa9be2ad5"},
    {file = "charset_normalizer-3.3.1-cp310-cp310-manylinux_2_5_i686.manylinux1_i686.manylinux_2_17_i686.manylinux2014_i686.whl", hash = "sha256:3f9bc2ce123637a60ebe819f9fccc614da1bcc05798bbbaf2dd4ec91f3e08846"},
    {file = "charset_normalizer-3.3.1-cp310-cp310-musllinux_1_1_aarch64.whl", hash = "sha256:f194cce575e59ffe442c10a360182a986535fd90b57f7debfaa5c845c409ecc3"},
    {file = "charset_normalizer-3.3.1-cp310-cp310-musllinux_1_1_i686.whl", hash = "sha256:9a74041ba0bfa9bc9b9bb2cd3238a6ab3b7618e759b41bd15b5f6ad958d17605"},
    {file = "charset_normalizer-3.3.1-cp310-cp310-musllinux_1_1_ppc64le.whl", hash = "sha256:b578cbe580e3b41ad17b1c428f382c814b32a6ce90f2d8e39e2e635d49e498d1"},
    {file = "charset_normalizer-3.3.1-cp310-cp310-musllinux_1_1_s390x.whl", hash = "sha256:6db3cfb9b4fcecb4390db154e75b49578c87a3b9979b40cdf90d7e4b945656e1"},
    {file = "charset_normalizer-3.3.1-cp310-cp310-musllinux_1_1_x86_64.whl", hash = "sha256:debb633f3f7856f95ad957d9b9c781f8e2c6303ef21724ec94bea2ce2fcbd056"},
    {file = "charset_normalizer-3.3.1-cp310-cp310-win32.whl", hash = "sha256:87071618d3d8ec8b186d53cb6e66955ef2a0e4fa63ccd3709c0c90ac5a43520f"},
    {file = "charset_normalizer-3.3.1-cp310-cp310-win_amd64.whl", hash = "sha256:e372d7dfd154009142631de2d316adad3cc1c36c32a38b16a4751ba78da2a397"},
    {file = "charset_normalizer-3.3.1-cp311-cp311-macosx_10_9_universal2.whl", hash = "sha256:ae4070f741f8d809075ef697877fd350ecf0b7c5837ed68738607ee0a2c572cf"},
    {file = "charset_normalizer-3.3.1-cp311-cp311-macosx_10_9_x86_64.whl", hash = "sha256:58e875eb7016fd014c0eea46c6fa92b87b62c0cb31b9feae25cbbe62c919f54d"},
    {file = "charset_normalizer-3.3.1-cp311-cp311-macosx_11_0_arm64.whl", hash = "sha256:dbd95e300367aa0827496fe75a1766d198d34385a58f97683fe6e07f89ca3e3c"},
    {file = "charset_normalizer-3.3.1-cp311-cp311-manylinux_2_17_aarch64.manylinux2014_aarch64.whl", hash = "sha256:de0b4caa1c8a21394e8ce971997614a17648f94e1cd0640fbd6b4d14cab13a72"},
    {file = "charset_normalizer-3.3.1-cp311-cp311-manylinux_2_17_ppc64le.manylinux2014_ppc64le.whl", hash = "sha256:985c7965f62f6f32bf432e2681173db41336a9c2611693247069288bcb0c7f8b"},
    {file = "charset_normalizer-3.3.1-cp311-cp311-manylinux_2_17_s390x.manylinux2014_s390x.whl", hash = "sha256:a15c1fe6d26e83fd2e5972425a772cca158eae58b05d4a25a4e474c221053e2d"},
    {file = "charset_normalizer-3.3.1-cp311-cp311-manylinux_2_17_x86_64.manylinux2014_x86_64.whl", hash = "sha256:ae55d592b02c4349525b6ed8f74c692509e5adffa842e582c0f861751701a673"},
    {file = "charset_normalizer-3.3.1-cp311-cp311-manylinux_2_5_i686.manylinux1_i686.manylinux_2_17_i686.manylinux2014_i686.whl", hash = "sha256:be4d9c2770044a59715eb57c1144dedea7c5d5ae80c68fb9959515037cde2008"},
    {file = "charset_normalizer-3.3.1-cp311-cp311-musllinux_1_1_aarch64.whl", hash = "sha256:851cf693fb3aaef71031237cd68699dded198657ec1e76a76eb8be58c03a5d1f"},
    {file = "charset_normalizer-3.3.1-cp311-cp311-musllinux_1_1_i686.whl", hash = "sha256:31bbaba7218904d2eabecf4feec0d07469284e952a27400f23b6628439439fa7"},
    {file = "charset_normalizer-3.3.1-cp311-cp311-musllinux_1_1_ppc64le.whl", hash = "sha256:871d045d6ccc181fd863a3cd66ee8e395523ebfbc57f85f91f035f50cee8e3d4"},
    {file = "charset_normalizer-3.3.1-cp311-cp311-musllinux_1_1_s390x.whl", hash = "sha256:501adc5eb6cd5f40a6f77fbd90e5ab915c8fd6e8c614af2db5561e16c600d6f3"},
    {file = "charset_normalizer-3.3.1-cp311-cp311-musllinux_1_1_x86_64.whl", hash = "sha256:f5fb672c396d826ca16a022ac04c9dce74e00a1c344f6ad1a0fdc1ba1f332213"},
    {file = "charset_normalizer-3.3.1-cp311-cp311-win32.whl", hash = "sha256:bb06098d019766ca16fc915ecaa455c1f1cd594204e7f840cd6258237b5079a8"},
    {file = "charset_normalizer-3.3.1-cp311-cp311-win_amd64.whl", hash = "sha256:8af5a8917b8af42295e86b64903156b4f110a30dca5f3b5aedea123fbd638bff"},
    {file = "charset_normalizer-3.3.1-cp312-cp312-macosx_10_9_universal2.whl", hash = "sha256:7ae8e5142dcc7a49168f4055255dbcced01dc1714a90a21f87448dc8d90617d1"},
    {file = "charset_normalizer-3.3.1-cp312-cp312-macosx_10_9_x86_64.whl", hash = "sha256:5b70bab78accbc672f50e878a5b73ca692f45f5b5e25c8066d748c09405e6a55"},
    {file = "charset_normalizer-3.3.1-cp312-cp312-macosx_11_0_arm64.whl", hash = "sha256:5ceca5876032362ae73b83347be8b5dbd2d1faf3358deb38c9c88776779b2e2f"},
    {file = "charset_normalizer-3.3.1-cp312-cp312-manylinux_2_17_aarch64.manylinux2014_aarch64.whl", hash = "sha256:34d95638ff3613849f473afc33f65c401a89f3b9528d0d213c7037c398a51296"},
    {file = "charset_normalizer-3.3.1-cp312-cp312-manylinux_2_17_ppc64le.manylinux2014_ppc64le.whl", hash = "sha256:9edbe6a5bf8b56a4a84533ba2b2f489d0046e755c29616ef8830f9e7d9cf5728"},
    {file = "charset_normalizer-3.3.1-cp312-cp312-manylinux_2_17_s390x.manylinux2014_s390x.whl", hash = "sha256:f6a02a3c7950cafaadcd46a226ad9e12fc9744652cc69f9e5534f98b47f3bbcf"},
    {file = "charset_normalizer-3.3.1-cp312-cp312-manylinux_2_17_x86_64.manylinux2014_x86_64.whl", hash = "sha256:10b8dd31e10f32410751b3430996f9807fc4d1587ca69772e2aa940a82ab571a"},
    {file = "charset_normalizer-3.3.1-cp312-cp312-manylinux_2_5_i686.manylinux1_i686.manylinux_2_17_i686.manylinux2014_i686.whl", hash = "sha256:edc0202099ea1d82844316604e17d2b175044f9bcb6b398aab781eba957224bd"},
    {file = "charset_normalizer-3.3.1-cp312-cp312-musllinux_1_1_aarch64.whl", hash = "sha256:b891a2f68e09c5ef989007fac11476ed33c5c9994449a4e2c3386529d703dc8b"},
    {file = "charset_normalizer-3.3.1-cp312-cp312-musllinux_1_1_i686.whl", hash = "sha256:71ef3b9be10070360f289aea4838c784f8b851be3ba58cf796262b57775c2f14"},
    {file = "charset_normalizer-3.3.1-cp312-cp312-musllinux_1_1_ppc64le.whl", hash = "sha256:55602981b2dbf8184c098bc10287e8c245e351cd4fdcad050bd7199d5a8bf514"},
    {file = "charset_normalizer-3.3.1-cp312-cp312-musllinux_1_1_s390x.whl", hash = "sha256:46fb9970aa5eeca547d7aa0de5d4b124a288b42eaefac677bde805013c95725c"},
    {file = "charset_normalizer-3.3.1-cp312-cp312-musllinux_1_1_x86_64.whl", hash = "sha256:520b7a142d2524f999447b3a0cf95115df81c4f33003c51a6ab637cbda9d0bf4"},
    {file = "charset_normalizer-3.3.1-cp312-cp312-win32.whl", hash = "sha256:8ec8ef42c6cd5856a7613dcd1eaf21e5573b2185263d87d27c8edcae33b62a61"},
    {file = "charset_normalizer-3.3.1-cp312-cp312-win_amd64.whl", hash = "sha256:baec8148d6b8bd5cee1ae138ba658c71f5b03e0d69d5907703e3e1df96db5e41"},
    {file = "charset_normalizer-3.3.1-cp37-cp37m-macosx_10_9_x86_64.whl", hash = "sha256:63a6f59e2d01310f754c270e4a257426fe5a591dc487f1983b3bbe793cf6bac6"},
    {file = "charset_normalizer-3.3.1-cp37-cp37m-manylinux_2_17_aarch64.manylinux2014_aarch64.whl", hash = "sha256:1d6bfc32a68bc0933819cfdfe45f9abc3cae3877e1d90aac7259d57e6e0f85b1"},
    {file = "charset_normalizer-3.3.1-cp37-cp37m-manylinux_2_17_ppc64le.manylinux2014_ppc64le.whl", hash = "sha256:4f3100d86dcd03c03f7e9c3fdb23d92e32abbca07e7c13ebd7ddfbcb06f5991f"},
    {file = "charset_normalizer-3.3.1-cp37-cp37m-manylinux_2_17_s390x.manylinux2014_s390x.whl", hash = "sha256:39b70a6f88eebe239fa775190796d55a33cfb6d36b9ffdd37843f7c4c1b5dc67"},
    {file = "charset_normalizer-3.3.1-cp37-cp37m-manylinux_2_17_x86_64.manylinux2014_x86_64.whl", hash = "sha256:4e12f8ee80aa35e746230a2af83e81bd6b52daa92a8afaef4fea4a2ce9b9f4fa"},
    {file = "charset_normalizer-3.3.1-cp37-cp37m-manylinux_2_5_i686.manylinux1_i686.manylinux_2_17_i686.manylinux2014_i686.whl", hash = "sha256:7b6cefa579e1237ce198619b76eaa148b71894fb0d6bcf9024460f9bf30fd228"},
    {file = "charset_normalizer-3.3.1-cp37-cp37m-musllinux_1_1_aarch64.whl", hash = "sha256:61f1e3fb621f5420523abb71f5771a204b33c21d31e7d9d86881b2cffe92c47c"},
    {file = "charset_normalizer-3.3.1-cp37-cp37m-musllinux_1_1_i686.whl", hash = "sha256:4f6e2a839f83a6a76854d12dbebde50e4b1afa63e27761549d006fa53e9aa80e"},
    {file = "charset_normalizer-3.3.1-cp37-cp37m-musllinux_1_1_ppc64le.whl", hash = "sha256:1ec937546cad86d0dce5396748bf392bb7b62a9eeb8c66efac60e947697f0e58"},
    {file = "charset_normalizer-3.3.1-cp37-cp37m-musllinux_1_1_s390x.whl", hash = "sha256:82ca51ff0fc5b641a2d4e1cc8c5ff108699b7a56d7f3ad6f6da9dbb6f0145b48"},
    {file = "charset_normalizer-3.3.1-cp37-cp37m-musllinux_1_1_x86_64.whl", hash = "sha256:633968254f8d421e70f91c6ebe71ed0ab140220469cf87a9857e21c16687c034"},
    {file = "charset_normalizer-3.3.1-cp37-cp37m-win32.whl", hash = "sha256:c0c72d34e7de5604df0fde3644cc079feee5e55464967d10b24b1de268deceb9"},
    {file = "charset_normalizer-3.3.1-cp37-cp37m-win_amd64.whl", hash = "sha256:63accd11149c0f9a99e3bc095bbdb5a464862d77a7e309ad5938fbc8721235ae"},
    {file = "charset_normalizer-3.3.1-cp38-cp38-macosx_10_9_universal2.whl", hash = "sha256:5a3580a4fdc4ac05f9e53c57f965e3594b2f99796231380adb2baaab96e22761"},
    {file = "charset_normalizer-3.3.1-cp38-cp38-macosx_10_9_x86_64.whl", hash = "sha256:2465aa50c9299d615d757c1c888bc6fef384b7c4aec81c05a0172b4400f98557"},
    {file = "charset_normalizer-3.3.1-cp38-cp38-macosx_11_0_arm64.whl", hash = "sha256:cb7cd68814308aade9d0c93c5bd2ade9f9441666f8ba5aa9c2d4b389cb5e2a45"},
    {file = "charset_normalizer-3.3.1-cp38-cp38-manylinux_2_17_aarch64.manylinux2014_aarch64.whl", hash = "sha256:91e43805ccafa0a91831f9cd5443aa34528c0c3f2cc48c4cb3d9a7721053874b"},
    {file = "charset_normalizer-3.3.1-cp38-cp38-manylinux_2_17_ppc64le.manylinux2014_ppc64le.whl", hash = "sha256:854cc74367180beb327ab9d00f964f6d91da06450b0855cbbb09187bcdb02de5"},
    {file = "charset_normalizer-3.3.1-cp38-cp38-manylinux_2_17_s390x.manylinux2014_s390x.whl", hash = "sha256:c15070ebf11b8b7fd1bfff7217e9324963c82dbdf6182ff7050519e350e7ad9f"},
    {file = "charset_normalizer-3.3.1-cp38-cp38-manylinux_2_17_x86_64.manylinux2014_x86_64.whl", hash = "sha256:2c4c99f98fc3a1835af8179dcc9013f93594d0670e2fa80c83aa36346ee763d2"},
    {file = "charset_normalizer-3.3.1-cp38-cp38-manylinux_2_5_i686.manylinux1_i686.manylinux_2_17_i686.manylinux2014_i686.whl", hash = "sha256:3fb765362688821404ad6cf86772fc54993ec11577cd5a92ac44b4c2ba52155b"},
    {file = "charset_normalizer-3.3.1-cp38-cp38-musllinux_1_1_aarch64.whl", hash = "sha256:dced27917823df984fe0c80a5c4ad75cf58df0fbfae890bc08004cd3888922a2"},
    {file = "charset_normalizer-3.3.1-cp38-cp38-musllinux_1_1_i686.whl", hash = "sha256:a66bcdf19c1a523e41b8e9d53d0cedbfbac2e93c649a2e9502cb26c014d0980c"},
    {file = "charset_normalizer-3.3.1-cp38-cp38-musllinux_1_1_ppc64le.whl", hash = "sha256:ecd26be9f112c4f96718290c10f4caea6cc798459a3a76636b817a0ed7874e42"},
    {file = "charset_normalizer-3.3.1-cp38-cp38-musllinux_1_1_s390x.whl", hash = "sha256:3f70fd716855cd3b855316b226a1ac8bdb3caf4f7ea96edcccc6f484217c9597"},
    {file = "charset_normalizer-3.3.1-cp38-cp38-musllinux_1_1_x86_64.whl", hash = "sha256:17a866d61259c7de1bdadef418a37755050ddb4b922df8b356503234fff7932c"},
    {file = "charset_normalizer-3.3.1-cp38-cp38-win32.whl", hash = "sha256:548eefad783ed787b38cb6f9a574bd8664468cc76d1538215d510a3cd41406cb"},
    {file = "charset_normalizer-3.3.1-cp38-cp38-win_amd64.whl", hash = "sha256:45f053a0ece92c734d874861ffe6e3cc92150e32136dd59ab1fb070575189c97"},
    {file = "charset_normalizer-3.3.1-cp39-cp39-macosx_10_9_universal2.whl", hash = "sha256:bc791ec3fd0c4309a753f95bb6c749ef0d8ea3aea91f07ee1cf06b7b02118f2f"},
    {file = "charset_normalizer-3.3.1-cp39-cp39-macosx_10_9_x86_64.whl", hash = "sha256:0c8c61fb505c7dad1d251c284e712d4e0372cef3b067f7ddf82a7fa82e1e9a93"},
    {file = "charset_normalizer-3.3.1-cp39-cp39-macosx_11_0_arm64.whl", hash = "sha256:2c092be3885a1b7899cd85ce24acedc1034199d6fca1483fa2c3a35c86e43041"},
    {file = "charset_normalizer-3.3.1-cp39-cp39-manylinux_2_17_aarch64.manylinux2014_aarch64.whl", hash = "sha256:c2000c54c395d9e5e44c99dc7c20a64dc371f777faf8bae4919ad3e99ce5253e"},
    {file = "charset_normalizer-3.3.1-cp39-cp39-manylinux_2_17_ppc64le.manylinux2014_ppc64le.whl", hash = "sha256:4cb50a0335382aac15c31b61d8531bc9bb657cfd848b1d7158009472189f3d62"},
    {file = "charset_normalizer-3.3.1-cp39-cp39-manylinux_2_17_s390x.manylinux2014_s390x.whl", hash = "sha256:c30187840d36d0ba2893bc3271a36a517a717f9fd383a98e2697ee890a37c273"},
    {file = "charset_normalizer-3.3.1-cp39-cp39-manylinux_2_17_x86_64.manylinux2014_x86_64.whl", hash = "sha256:fe81b35c33772e56f4b6cf62cf4aedc1762ef7162a31e6ac7fe5e40d0149eb67"},
    {file = "charset_normalizer-3.3.1-cp39-cp39-manylinux_2_5_i686.manylinux1_i686.manylinux_2_17_i686.manylinux2014_i686.whl", hash = "sha256:d0bf89afcbcf4d1bb2652f6580e5e55a840fdf87384f6063c4a4f0c95e378656"},
    {file = "charset_normalizer-3.3.1-cp39-cp39-musllinux_1_1_aarch64.whl", hash = "sha256:06cf46bdff72f58645434d467bf5228080801298fbba19fe268a01b4534467f5"},
    {file = "charset_normalizer-3.3.1-cp39-cp39-musllinux_1_1_i686.whl", hash = "sha256:3c66df3f41abee950d6638adc7eac4730a306b022570f71dd0bd6ba53503ab57"},
    {file = "charset_normalizer-3.3.1-cp39-cp39-musllinux_1_1_ppc64le.whl", hash = "sha256:cd805513198304026bd379d1d516afbf6c3c13f4382134a2c526b8b854da1c2e"},
    {file = "charset_normalizer-3.3.1-cp39-cp39-musllinux_1_1_s390x.whl", hash = "sha256:9505dc359edb6a330efcd2be825fdb73ee3e628d9010597aa1aee5aa63442e97"},
    {file = "charset_normalizer-3.3.1-cp39-cp39-musllinux_1_1_x86_64.whl", hash = "sha256:31445f38053476a0c4e6d12b047b08ced81e2c7c712e5a1ad97bc913256f91b2"},
    {file = "charset_normalizer-3.3.1-cp39-cp39-win32.whl", hash = "sha256:bd28b31730f0e982ace8663d108e01199098432a30a4c410d06fe08fdb9e93f4"},
    {file = "charset_normalizer-3.3.1-cp39-cp39-win_amd64.whl", hash = "sha256:555fe186da0068d3354cdf4bbcbc609b0ecae4d04c921cc13e209eece7720727"},
    {file = "charset_normalizer-3.3.1-py3-none-any.whl", hash = "sha256:800561453acdecedaac137bf09cd719c7a440b6800ec182f077bb8e7025fb708"},
]

[[package]]
name = "elementpath"
version = "4.1.5"
description = "XPath 1.0/2.0/3.0/3.1 parsers and selectors for ElementTree and lxml"
optional = false
python-versions = ">=3.7"
files = [
    {file = "elementpath-4.1.5-py3-none-any.whl", hash = "sha256:2ac1a2fb31eb22bbbf817f8cf6752f844513216263f0e3892c8e79782fe4bb55"},
    {file = "elementpath-4.1.5.tar.gz", hash = "sha256:c2d6dc524b29ef751ecfc416b0627668119d8812441c555d7471da41d4bacb8d"},
]

[package.extras]
dev = ["Sphinx", "coverage", "flake8", "lxml", "lxml-stubs", "memory-profiler", "memray", "mypy", "tox", "xmlschema (>=2.0.0)"]

[[package]]
name = "grpcio"
version = "1.59.2"
description = "HTTP/2-based RPC framework"
optional = false
python-versions = ">=3.7"
files = [
    {file = "grpcio-1.59.2-cp310-cp310-linux_armv7l.whl", hash = "sha256:d2fa68a96a30dd240be80bbad838a0ac81a61770611ff7952b889485970c4c71"},
    {file = "grpcio-1.59.2-cp310-cp310-macosx_12_0_universal2.whl", hash = "sha256:cf0dead5a2c5a3347af2cfec7131d4f2a2e03c934af28989c9078f8241a491fa"},
    {file = "grpcio-1.59.2-cp310-cp310-manylinux_2_17_aarch64.whl", hash = "sha256:e420ced29b5904cdf9ee5545e23f9406189d8acb6750916c2db4793dada065c6"},
    {file = "grpcio-1.59.2-cp310-cp310-manylinux_2_17_i686.manylinux2014_i686.whl", hash = "sha256:2b230028a008ae1d0f430acb227d323ff8a619017415cf334c38b457f814119f"},
    {file = "grpcio-1.59.2-cp310-cp310-manylinux_2_17_x86_64.manylinux2014_x86_64.whl", hash = "sha256:0a4a3833c0e067f3558538727235cd8a49709bff1003200bbdefa2f09334e4b1"},
    {file = "grpcio-1.59.2-cp310-cp310-musllinux_1_1_i686.whl", hash = "sha256:6b25ed37c27e652db01be341af93fbcea03d296c024d8a0e680017a268eb85dd"},
    {file = "grpcio-1.59.2-cp310-cp310-musllinux_1_1_x86_64.whl", hash = "sha256:73abb8584b0cf74d37f5ef61c10722adc7275502ab71789a8fe3cb7ef04cf6e2"},
    {file = "grpcio-1.59.2-cp310-cp310-win32.whl", hash = "sha256:d6f70406695e3220f09cd7a2f879333279d91aa4a8a1d34303b56d61a8180137"},
    {file = "grpcio-1.59.2-cp310-cp310-win_amd64.whl", hash = "sha256:3c61d641d4f409c5ae46bfdd89ea42ce5ea233dcf69e74ce9ba32b503c727e29"},
    {file = "grpcio-1.59.2-cp311-cp311-linux_armv7l.whl", hash = "sha256:3059668df17627f0e0fa680e9ef8c995c946c792612e9518f5cc1503be14e90b"},
    {file = "grpcio-1.59.2-cp311-cp311-macosx_10_10_universal2.whl", hash = "sha256:72ca2399097c0b758198f2ff30f7178d680de8a5cfcf3d9b73a63cf87455532e"},
    {file = "grpcio-1.59.2-cp311-cp311-manylinux_2_17_aarch64.whl", hash = "sha256:c978f864b35f2261e0819f5cd88b9830b04dc51bcf055aac3c601e525a10d2ba"},
    {file = "grpcio-1.59.2-cp311-cp311-manylinux_2_17_i686.manylinux2014_i686.whl", hash = "sha256:9411e24328a2302e279e70cae6e479f1fddde79629fcb14e03e6d94b3956eabf"},
    {file = "grpcio-1.59.2-cp311-cp311-manylinux_2_17_x86_64.manylinux2014_x86_64.whl", hash = "sha256:bb7e0fe6ad73b7f06d7e2b689c19a71cf5cc48f0c2bf8608469e51ffe0bd2867"},
    {file = "grpcio-1.59.2-cp311-cp311-musllinux_1_1_i686.whl", hash = "sha256:c2504eed520958a5b77cc99458297cb7906308cb92327f35fb7fbbad4e9b2188"},
    {file = "grpcio-1.59.2-cp311-cp311-musllinux_1_1_x86_64.whl", hash = "sha256:2171c39f355ba5b551c5d5928d65aa6c69807fae195b86ef4a7d125bcdb860a9"},
    {file = "grpcio-1.59.2-cp311-cp311-win32.whl", hash = "sha256:d2794f0e68b3085d99b4f6ff9c089f6fdd02b32b9d3efdfbb55beac1bf22d516"},
    {file = "grpcio-1.59.2-cp311-cp311-win_amd64.whl", hash = "sha256:2067274c88bc6de89c278a672a652b4247d088811ece781a4858b09bdf8448e3"},
    {file = "grpcio-1.59.2-cp312-cp312-linux_armv7l.whl", hash = "sha256:535561990e075fa6bd4b16c4c3c1096b9581b7bb35d96fac4650f1181e428268"},
    {file = "grpcio-1.59.2-cp312-cp312-macosx_10_10_universal2.whl", hash = "sha256:a213acfbf186b9f35803b52e4ca9addb153fc0b67f82a48f961be7000ecf6721"},
    {file = "grpcio-1.59.2-cp312-cp312-manylinux_2_17_aarch64.whl", hash = "sha256:6959fb07e8351e20501ffb8cc4074c39a0b7ef123e1c850a7f8f3afdc3a3da01"},
    {file = "grpcio-1.59.2-cp312-cp312-manylinux_2_17_i686.manylinux2014_i686.whl", hash = "sha256:e82c5cf1495244adf5252f925ac5932e5fd288b3e5ab6b70bec5593074b7236c"},
    {file = "grpcio-1.59.2-cp312-cp312-manylinux_2_17_x86_64.manylinux2014_x86_64.whl", hash = "sha256:023088764012411affe7db183d1ada3ad9daf2e23ddc719ff46d7061de661340"},
    {file = "grpcio-1.59.2-cp312-cp312-musllinux_1_1_i686.whl", hash = "sha256:da2d94c15f88cd40d7e67f7919d4f60110d2b9d5b1e08cf354c2be773ab13479"},
    {file = "grpcio-1.59.2-cp312-cp312-musllinux_1_1_x86_64.whl", hash = "sha256:6009386a2df66159f64ac9f20425ae25229b29b9dd0e1d3dd60043f037e2ad7e"},
    {file = "grpcio-1.59.2-cp312-cp312-win32.whl", hash = "sha256:75c6ecb70e809cf1504465174343113f51f24bc61e22a80ae1c859f3f7034c6d"},
    {file = "grpcio-1.59.2-cp312-cp312-win_amd64.whl", hash = "sha256:cbe946b3e6e60a7b4618f091e62a029cb082b109a9d6b53962dd305087c6e4fd"},
    {file = "grpcio-1.59.2-cp37-cp37m-linux_armv7l.whl", hash = "sha256:f8753a6c88d1d0ba64302309eecf20f70d2770f65ca02d83c2452279085bfcd3"},
    {file = "grpcio-1.59.2-cp37-cp37m-macosx_10_10_universal2.whl", hash = "sha256:f1ef0d39bc1feb420caf549b3c657c871cad4ebbcf0580c4d03816b0590de0cf"},
    {file = "grpcio-1.59.2-cp37-cp37m-manylinux_2_17_aarch64.whl", hash = "sha256:4c93f4abbb54321ee6471e04a00139c80c754eda51064187963ddf98f5cf36a4"},
    {file = "grpcio-1.59.2-cp37-cp37m-manylinux_2_17_i686.manylinux2014_i686.whl", hash = "sha256:08d77e682f2bf730a4961eea330e56d2f423c6a9b91ca222e5b1eb24a357b19f"},
    {file = "grpcio-1.59.2-cp37-cp37m-manylinux_2_17_x86_64.manylinux2014_x86_64.whl", hash = "sha256:1ff16d68bf453275466a9a46739061a63584d92f18a0f5b33d19fc97eb69867c"},
    {file = "grpcio-1.59.2-cp37-cp37m-musllinux_1_1_i686.whl", hash = "sha256:4abb717e320e74959517dc8e84a9f48fbe90e9abe19c248541e9418b1ce60acd"},
    {file = "grpcio-1.59.2-cp37-cp37m-musllinux_1_1_x86_64.whl", hash = "sha256:36f53c2b3449c015880e7d55a89c992c357f176327b0d2873cdaaf9628a37c69"},
    {file = "grpcio-1.59.2-cp37-cp37m-win_amd64.whl", hash = "sha256:cc3e4cd087f07758b16bef8f31d88dbb1b5da5671d2f03685ab52dece3d7a16e"},
    {file = "grpcio-1.59.2-cp38-cp38-linux_armv7l.whl", hash = "sha256:27f879ae604a7fcf371e59fba6f3ff4635a4c2a64768bd83ff0cac503142fef4"},
    {file = "grpcio-1.59.2-cp38-cp38-macosx_10_10_universal2.whl", hash = "sha256:7cf05053242f61ba94014dd3a986e11a083400a32664058f80bf4cf817c0b3a1"},
    {file = "grpcio-1.59.2-cp38-cp38-manylinux_2_17_aarch64.whl", hash = "sha256:e1727c1c0e394096bb9af185c6923e8ea55a5095b8af44f06903bcc0e06800a2"},
    {file = "grpcio-1.59.2-cp38-cp38-manylinux_2_17_i686.manylinux2014_i686.whl", hash = "sha256:5d573e70a6fe77555fb6143c12d3a7d3fa306632a3034b4e7c59ca09721546f8"},
    {file = "grpcio-1.59.2-cp38-cp38-manylinux_2_17_x86_64.manylinux2014_x86_64.whl", hash = "sha256:31176aa88f36020055ace9adff2405a33c8bdbfa72a9c4980e25d91b2f196873"},
    {file = "grpcio-1.59.2-cp38-cp38-musllinux_1_1_i686.whl", hash = "sha256:11168ef43e4a43ff1b1a65859f3e0ef1a173e277349e7fb16923ff108160a8cd"},
    {file = "grpcio-1.59.2-cp38-cp38-musllinux_1_1_x86_64.whl", hash = "sha256:53c9aa5ddd6857c0a1cd0287225a2a25873a8e09727c2e95c4aebb1be83a766a"},
    {file = "grpcio-1.59.2-cp38-cp38-win32.whl", hash = "sha256:3b4368b33908f683a363f376dfb747d40af3463a6e5044afee07cf9436addf96"},
    {file = "grpcio-1.59.2-cp38-cp38-win_amd64.whl", hash = "sha256:0a754aff9e3af63bdc4c75c234b86b9d14e14a28a30c4e324aed1a9b873d755f"},
    {file = "grpcio-1.59.2-cp39-cp39-linux_armv7l.whl", hash = "sha256:1f9524d1d701e399462d2c90ba7c193e49d1711cf429c0d3d97c966856e03d00"},
    {file = "grpcio-1.59.2-cp39-cp39-macosx_10_10_universal2.whl", hash = "sha256:f93dbf58f03146164048be5426ffde298b237a5e059144847e4940f5b80172c3"},
    {file = "grpcio-1.59.2-cp39-cp39-manylinux_2_17_aarch64.whl", hash = "sha256:6da6dea3a1bacf99b3c2187e296db9a83029ed9c38fd4c52b7c9b7326d13c828"},
    {file = "grpcio-1.59.2-cp39-cp39-manylinux_2_17_i686.manylinux2014_i686.whl", hash = "sha256:c5f09cffa619adfb44799fa4a81c2a1ad77c887187613fb0a8f201ab38d89ba1"},
    {file = "grpcio-1.59.2-cp39-cp39-manylinux_2_17_x86_64.manylinux2014_x86_64.whl", hash = "sha256:c35aa9657f5d5116d23b934568e0956bd50c615127810fffe3ac356a914c176a"},
    {file = "grpcio-1.59.2-cp39-cp39-musllinux_1_1_i686.whl", hash = "sha256:74100fecaec8a535e380cf5f2fb556ff84957d481c13e54051c52e5baac70541"},
    {file = "grpcio-1.59.2-cp39-cp39-musllinux_1_1_x86_64.whl", hash = "sha256:128e20f57c5f27cb0157e73756d1586b83c1b513ebecc83ea0ac37e4b0e4e758"},
    {file = "grpcio-1.59.2-cp39-cp39-win32.whl", hash = "sha256:686e975a5d16602dc0982c7c703948d17184bd1397e16c8ee03511ecb8c4cdda"},
    {file = "grpcio-1.59.2-cp39-cp39-win_amd64.whl", hash = "sha256:242adc47725b9a499ee77c6a2e36688fa6c96484611f33b1be4c57ab075a92dd"},
    {file = "grpcio-1.59.2.tar.gz", hash = "sha256:d8f9cd4ad1be90b0cf350a2f04a38a36e44a026cac1e036ac593dc48efe91d52"},
]

[package.extras]
protobuf = ["grpcio-tools (>=1.59.2)"]

[[package]]
name = "grpcio-tools"
version = "1.59.2"
description = "Protobuf code generator for gRPC"
optional = false
python-versions = ">=3.7"
files = [
    {file = "grpcio-tools-1.59.2.tar.gz", hash = "sha256:75905266cf90f1866b322575c2edcd4b36532c33fc512bb1b380dc58d84b1030"},
    {file = "grpcio_tools-1.59.2-cp310-cp310-linux_armv7l.whl", hash = "sha256:9b2885c0e2c9a97bde33497a919032afbd8b5c6dc2f8d4dd4198e77226e0de05"},
    {file = "grpcio_tools-1.59.2-cp310-cp310-macosx_12_0_universal2.whl", hash = "sha256:2f410375830a9bb7140a07da4d75bf380e0958377bed50d77d1dae302de4314e"},
    {file = "grpcio_tools-1.59.2-cp310-cp310-manylinux_2_17_aarch64.whl", hash = "sha256:e21fc172522d2dda815223a359b2aca9bc317a1b5e5dea5a58cd5079333af133"},
    {file = "grpcio_tools-1.59.2-cp310-cp310-manylinux_2_17_i686.manylinux2014_i686.whl", hash = "sha256:072a7ce979ea4f7579c3c99fcbde3d1882c3d1942a3b51d159f67af83b714cd8"},
    {file = "grpcio_tools-1.59.2-cp310-cp310-manylinux_2_17_x86_64.manylinux2014_x86_64.whl", hash = "sha256:b38f8edb2909702c2478b52f6213982c21e4f66f739ac953b91f97863ba2c06a"},
    {file = "grpcio_tools-1.59.2-cp310-cp310-musllinux_1_1_i686.whl", hash = "sha256:12fdee2de80d83eadb1294e0f8a0cb6cefcd2e4988ed680038ab09cd04361ee4"},
    {file = "grpcio_tools-1.59.2-cp310-cp310-musllinux_1_1_x86_64.whl", hash = "sha256:a3cb707da722a0b6c4021fc2cc1c005a8d4037d8ad0252f93df318b9b8a6b4f3"},
    {file = "grpcio_tools-1.59.2-cp310-cp310-win32.whl", hash = "sha256:ec2fbb02ebb9f2ae1b1c69cccf913dee8c41f5acad94014d3ce11b53720376e3"},
    {file = "grpcio_tools-1.59.2-cp310-cp310-win_amd64.whl", hash = "sha256:b0dc271a200dbab6547b2c73fcbdb7efe94c31cb633aa20d073f7cf4493493e1"},
    {file = "grpcio_tools-1.59.2-cp311-cp311-linux_armv7l.whl", hash = "sha256:d634b65cc8ee769edccf1647d8a16861a27e0d8cbd787c711168d2c5e9bddbd1"},
    {file = "grpcio_tools-1.59.2-cp311-cp311-macosx_10_10_universal2.whl", hash = "sha256:b0b712acec00a9cbc2204c271d638062a2cb8ce74f25d158b023ff6e93182659"},
    {file = "grpcio_tools-1.59.2-cp311-cp311-manylinux_2_17_aarch64.whl", hash = "sha256:dd5c78f8e7c6e721b9009c92481a0e3b30a9926ef721120723a03b8a34a34fb9"},
    {file = "grpcio_tools-1.59.2-cp311-cp311-manylinux_2_17_i686.manylinux2014_i686.whl", hash = "sha256:724f4f0eecc17fa66216eebfff145631070f04ed7fb4ddf7a7d1c4f954ecc2a1"},
    {file = "grpcio_tools-1.59.2-cp311-cp311-manylinux_2_17_x86_64.manylinux2014_x86_64.whl", hash = "sha256:77ec33ddee691e60511e2a7c793aad4cf172ae20e08d95c786cbba395f6203a7"},
    {file = "grpcio_tools-1.59.2-cp311-cp311-musllinux_1_1_i686.whl", hash = "sha256:fa1b9dee7811fad081816e884d063c4dd4946dba61aa54243b4c76c311090c48"},
    {file = "grpcio_tools-1.59.2-cp311-cp311-musllinux_1_1_x86_64.whl", hash = "sha256:ba8dba19e7b2b6f7369004533866f222ba483b9e14d2d152ecf9339c0df1283a"},
    {file = "grpcio_tools-1.59.2-cp311-cp311-win32.whl", hash = "sha256:df35d145bc2f6e5f57b74cb69f66526675a5f2dcf7d54617ce0deff0c82cca0a"},
    {file = "grpcio_tools-1.59.2-cp311-cp311-win_amd64.whl", hash = "sha256:99ddc0f5304071a355c261ae49ea5d29b9e9b6dcf422dfc55ada70a243e27e8f"},
    {file = "grpcio_tools-1.59.2-cp312-cp312-linux_armv7l.whl", hash = "sha256:670f5889853215999eb3511a623dd7dff01b1ce1a64610d13366e0fd337f8c79"},
    {file = "grpcio_tools-1.59.2-cp312-cp312-macosx_10_10_universal2.whl", hash = "sha256:1e949e66d4555ce319fd7acef90df625138078d8729c4dc6f6a9f05925034433"},
    {file = "grpcio_tools-1.59.2-cp312-cp312-manylinux_2_17_aarch64.whl", hash = "sha256:09d809ca88999b2578119683f9f0f6a9b42de95ea21550852114a1540b6a642c"},
    {file = "grpcio_tools-1.59.2-cp312-cp312-manylinux_2_17_i686.manylinux2014_i686.whl", hash = "sha256:db0925545180223fabd6da9b34513efac83aa16673ef8b1cb0cc678e8cf0923c"},
    {file = "grpcio_tools-1.59.2-cp312-cp312-manylinux_2_17_x86_64.manylinux2014_x86_64.whl", hash = "sha256:a2ccb59dfbf2ebd668a5a7c4b7bb2b859859641d2b199114b557cd045aac6102"},
    {file = "grpcio_tools-1.59.2-cp312-cp312-musllinux_1_1_i686.whl", hash = "sha256:12cc7698fad48866f68fdef831685cb31ef5814ac605d248c4e5fc964a6fb3f6"},
    {file = "grpcio_tools-1.59.2-cp312-cp312-musllinux_1_1_x86_64.whl", hash = "sha256:55c401599d5093c4cfa83b8f0ee9757b4d6d3029b10bd67be2cffeada7a44961"},
    {file = "grpcio_tools-1.59.2-cp312-cp312-win32.whl", hash = "sha256:896f5cdf58f658025a4f7e4ea96c81183b4b6a4b1b4d92ae66d112ac91f062f1"},
    {file = "grpcio_tools-1.59.2-cp312-cp312-win_amd64.whl", hash = "sha256:b53db1523015a3acda75722357df6c94afae37f6023800c608e09a5c05393804"},
    {file = "grpcio_tools-1.59.2-cp37-cp37m-linux_armv7l.whl", hash = "sha256:d08b398509ea4d544bcecddd9a21f59dc556396916c3915904cac206af2db72b"},
    {file = "grpcio_tools-1.59.2-cp37-cp37m-macosx_10_10_universal2.whl", hash = "sha256:09749e832e06493841000275248b031f7154665900d1e1b0e42fc17a64bf904d"},
    {file = "grpcio_tools-1.59.2-cp37-cp37m-manylinux_2_17_aarch64.whl", hash = "sha256:e972746000aa192521715f776fab617a3437bed29e90fe0e0fd0d0d6f498d7d4"},
    {file = "grpcio_tools-1.59.2-cp37-cp37m-manylinux_2_17_i686.manylinux2014_i686.whl", hash = "sha256:cbeeb3d8ec4cb25c92e17bfbdcef3c3669e85c5ee787a6e581cb942bc0ae2b88"},
    {file = "grpcio_tools-1.59.2-cp37-cp37m-manylinux_2_17_x86_64.manylinux2014_x86_64.whl", hash = "sha256:ed8e6632d8d839456332d97b96db10bd2dbf3078e728d063394ac2d54597ad80"},
    {file = "grpcio_tools-1.59.2-cp37-cp37m-musllinux_1_1_i686.whl", hash = "sha256:531f87c8e884c6a2e58f040039dfbfe997a4e33baa58f7c7d9993db37b1f5ad0"},
    {file = "grpcio_tools-1.59.2-cp37-cp37m-musllinux_1_1_x86_64.whl", hash = "sha256:feca316e17cfead823af6eae0fc20c0d5299a94d71cfb7531a0e92d050a5fb2f"},
    {file = "grpcio_tools-1.59.2-cp37-cp37m-win_amd64.whl", hash = "sha256:41b5dd6a06c2563ac3b3adda6d875b15e63eb7b1629e85fc9af608c3a76c4c82"},
    {file = "grpcio_tools-1.59.2-cp38-cp38-linux_armv7l.whl", hash = "sha256:7ec536cdae870a74080c665cfb1dca8d0784a931aa3c26376ef971a3a51b59d4"},
    {file = "grpcio_tools-1.59.2-cp38-cp38-macosx_10_10_universal2.whl", hash = "sha256:9c106ebbed0db446f59f0efe5c3fce33a0a21bf75b392966585e4b5934891b92"},
    {file = "grpcio_tools-1.59.2-cp38-cp38-manylinux_2_17_aarch64.whl", hash = "sha256:32141ef309543a446337e934f0b7a2565a6fca890ff4e543630a09ef72c8d00b"},
    {file = "grpcio_tools-1.59.2-cp38-cp38-manylinux_2_17_i686.manylinux2014_i686.whl", hash = "sha256:5f2ce5ecd63c492949b03af73b1dd6d502c567cc2f9c2057137e518b0c702a01"},
    {file = "grpcio_tools-1.59.2-cp38-cp38-manylinux_2_17_x86_64.manylinux2014_x86_64.whl", hash = "sha256:2a9ce2a209871ed1c5ae2229e6f4f5a3ea96d83b7871df5d9773d72a72545683"},
    {file = "grpcio_tools-1.59.2-cp38-cp38-musllinux_1_1_i686.whl", hash = "sha256:7f0e26af7c07bfa906c91ca9f5932514928a7f032f5f20aecad6b5541037de7e"},
    {file = "grpcio_tools-1.59.2-cp38-cp38-musllinux_1_1_x86_64.whl", hash = "sha256:48782727c5cff8b8c96e028a8a58614ff6a37eadc0db85866516210c7aafe9ae"},
    {file = "grpcio_tools-1.59.2-cp38-cp38-win32.whl", hash = "sha256:4a1810bc5de51cc162a19ed3c11da8ddc64d8cfcba049ef337c20fcb397f048b"},
    {file = "grpcio_tools-1.59.2-cp38-cp38-win_amd64.whl", hash = "sha256:3cf9949a2aadcece3c1e0dd59249aea53dbfc8cc94f7d707797acd67cf6cf931"},
    {file = "grpcio_tools-1.59.2-cp39-cp39-linux_armv7l.whl", hash = "sha256:f52e0ce8f2dcf1f160c847304016c446075a83ab925d98933d4681bfa8af2962"},
    {file = "grpcio_tools-1.59.2-cp39-cp39-macosx_10_10_universal2.whl", hash = "sha256:eb597d6bf9f5bfa54d00546e828f0d4e2c69250d1bc17c27903c0c7b66372135"},
    {file = "grpcio_tools-1.59.2-cp39-cp39-manylinux_2_17_aarch64.whl", hash = "sha256:17ef468836d7cf0b2419f4d5c7ac84ec2d598a1ae410773585313edacf7c393e"},
    {file = "grpcio_tools-1.59.2-cp39-cp39-manylinux_2_17_i686.manylinux2014_i686.whl", hash = "sha256:dee5f7e7a56177234e61a483c70ca2ae34e73128372c801bb7039993870889f1"},
    {file = "grpcio_tools-1.59.2-cp39-cp39-manylinux_2_17_x86_64.manylinux2014_x86_64.whl", hash = "sha256:f50ff312b88918c5a6461e45c5e03869749a066b1c24a7327e8e13e117efe4fc"},
    {file = "grpcio_tools-1.59.2-cp39-cp39-musllinux_1_1_i686.whl", hash = "sha256:a85da4200295ee17e3c1ae068189a43844420ed7e9d531a042440f52de486dfb"},
    {file = "grpcio_tools-1.59.2-cp39-cp39-musllinux_1_1_x86_64.whl", hash = "sha256:f518f22a3082de00f0d7a216e96366a87e6973111085ba1603c3bfa7dba2e728"},
    {file = "grpcio_tools-1.59.2-cp39-cp39-win32.whl", hash = "sha256:6e735a26e8ea8bb89dc69343d1d00ea607449c6d81e21f339ee118562f3d1931"},
    {file = "grpcio_tools-1.59.2-cp39-cp39-win_amd64.whl", hash = "sha256:3491cb69c909d586c23d7e6d0ac87844ca22f496f505ce429c0d3301234f2cf3"},
]

[package.dependencies]
grpcio = ">=1.59.2"
protobuf = ">=4.21.6,<5.0dev"
setuptools = "*"

[[package]]
name = "idna"
version = "3.4"
description = "Internationalized Domain Names in Applications (IDNA)"
optional = false
python-versions = ">=3.5"
files = [
    {file = "idna-3.4-py3-none-any.whl", hash = "sha256:90b77e79eaa3eba6de819a0c442c0b4ceefc341a7a2ab77d7562bf49f425c5c2"},
    {file = "idna-3.4.tar.gz", hash = "sha256:814f528e8dead7d329833b91c5faa87d60bf71824cd12a7530b5526063d02cb4"},
]

[[package]]
name = "protobuf"
version = "4.24.4"
description = ""
optional = false
python-versions = ">=3.7"
files = [
    {file = "protobuf-4.24.4-cp310-abi3-win32.whl", hash = "sha256:ec9912d5cb6714a5710e28e592ee1093d68c5ebfeda61983b3f40331da0b1ebb"},
    {file = "protobuf-4.24.4-cp310-abi3-win_amd64.whl", hash = "sha256:1badab72aa8a3a2b812eacfede5020472e16c6b2212d737cefd685884c191085"},
    {file = "protobuf-4.24.4-cp37-abi3-macosx_10_9_universal2.whl", hash = "sha256:8e61a27f362369c2f33248a0ff6896c20dcd47b5d48239cb9720134bef6082e4"},
    {file = "protobuf-4.24.4-cp37-abi3-manylinux2014_aarch64.whl", hash = "sha256:bffa46ad9612e6779d0e51ae586fde768339b791a50610d85eb162daeb23661e"},
    {file = "protobuf-4.24.4-cp37-abi3-manylinux2014_x86_64.whl", hash = "sha256:b493cb590960ff863743b9ff1452c413c2ee12b782f48beca77c8da3e2ffe9d9"},
    {file = "protobuf-4.24.4-cp37-cp37m-win32.whl", hash = "sha256:dbbed8a56e56cee8d9d522ce844a1379a72a70f453bde6243e3c86c30c2a3d46"},
    {file = "protobuf-4.24.4-cp37-cp37m-win_amd64.whl", hash = "sha256:6b7d2e1c753715dcfe9d284a25a52d67818dd43c4932574307daf836f0071e37"},
    {file = "protobuf-4.24.4-cp38-cp38-win32.whl", hash = "sha256:02212557a76cd99574775a81fefeba8738d0f668d6abd0c6b1d3adcc75503dbe"},
    {file = "protobuf-4.24.4-cp38-cp38-win_amd64.whl", hash = "sha256:2fa3886dfaae6b4c5ed2730d3bf47c7a38a72b3a1f0acb4d4caf68e6874b947b"},
    {file = "protobuf-4.24.4-cp39-cp39-win32.whl", hash = "sha256:b77272f3e28bb416e2071186cb39efd4abbf696d682cbb5dc731308ad37fa6dd"},
    {file = "protobuf-4.24.4-cp39-cp39-win_amd64.whl", hash = "sha256:9fee5e8aa20ef1b84123bb9232b3f4a5114d9897ed89b4b8142d81924e05d79b"},
    {file = "protobuf-4.24.4-py3-none-any.whl", hash = "sha256:80797ce7424f8c8d2f2547e2d42bfbb6c08230ce5832d6c099a37335c9c90a92"},
    {file = "protobuf-4.24.4.tar.gz", hash = "sha256:5a70731910cd9104762161719c3d883c960151eea077134458503723b60e3667"},
]

[[package]]
name = "python-dotenv"
version = "1.0.0"
description = "Read key-value pairs from a .env file and set them as environment variables"
optional = false
python-versions = ">=3.8"
files = [
    {file = "python-dotenv-1.0.0.tar.gz", hash = "sha256:a8df96034aae6d2d50a4ebe8216326c61c3eb64836776504fcca410e5937a3ba"},
    {file = "python_dotenv-1.0.0-py3-none-any.whl", hash = "sha256:f5971a9226b701070a4bf2c38c89e5a3f0d64de8debda981d1db98583009122a"},
]

[package.extras]
cli = ["click (>=5.0)"]

[[package]]
name = "requests"
version = "2.31.0"
description = "Python HTTP for Humans."
optional = false
python-versions = ">=3.7"
files = [
    {file = "requests-2.31.0-py3-none-any.whl", hash = "sha256:58cd2187c01e70e6e26505bca751777aa9f2ee0b7f4300988b709f44e013003f"},
    {file = "requests-2.31.0.tar.gz", hash = "sha256:942c5a758f98d790eaed1a29cb6eefc7ffb0d1cf7af05c3d2791656dbd6ad1e1"},
]

[package.dependencies]
certifi = ">=2017.4.17"
charset-normalizer = ">=2,<4"
idna = ">=2.5,<4"
urllib3 = ">=1.21.1,<3"

[package.extras]
socks = ["PySocks (>=1.5.6,!=1.5.7)"]
use-chardet-on-py3 = ["chardet (>=3.0.2,<6)"]

[[package]]
name = "setuptools"
version = "68.2.2"
description = "Easily download, build, install, upgrade, and uninstall Python packages"
optional = false
python-versions = ">=3.8"
files = [
    {file = "setuptools-68.2.2-py3-none-any.whl", hash = "sha256:b454a35605876da60632df1a60f736524eb73cc47bbc9f3f1ef1b644de74fd2a"},
    {file = "setuptools-68.2.2.tar.gz", hash = "sha256:4ac1475276d2f1c48684874089fefcd83bd7162ddaafb81fac866ba0db282a87"},
]

[package.extras]
docs = ["furo", "jaraco.packaging (>=9.3)", "jaraco.tidelift (>=1.4)", "pygments-github-lexers (==0.0.5)", "rst.linker (>=1.9)", "sphinx (>=3.5)", "sphinx-favicon", "sphinx-hoverxref (<2)", "sphinx-inline-tabs", "sphinx-lint", "sphinx-notfound-page (>=1,<2)", "sphinx-reredirects", "sphinxcontrib-towncrier"]
testing = ["build[virtualenv]", "filelock (>=3.4.0)", "flake8-2020", "ini2toml[lite] (>=0.9)", "jaraco.develop (>=7.21)", "jaraco.envs (>=2.2)", "jaraco.path (>=3.2.0)", "pip (>=19.1)", "pytest (>=6)", "pytest-black (>=0.3.7)", "pytest-checkdocs (>=2.4)", "pytest-cov", "pytest-enabler (>=2.2)", "pytest-mypy (>=0.9.1)", "pytest-perf", "pytest-ruff", "pytest-timeout", "pytest-xdist", "tomli-w (>=1.0.0)", "virtualenv (>=13.0.0)", "wheel"]
testing-integration = ["build[virtualenv] (>=1.0.3)", "filelock (>=3.4.0)", "jaraco.envs (>=2.2)", "jaraco.path (>=3.2.0)", "packaging (>=23.1)", "pytest", "pytest-enabler", "pytest-xdist", "tomli", "virtualenv (>=13.0.0)", "wheel"]

[[package]]
name = "urllib3"
version = "2.0.7"
description = "HTTP library with thread-safe connection pooling, file post, and more."
optional = false
python-versions = ">=3.7"
files = [
    {file = "urllib3-2.0.7-py3-none-any.whl", hash = "sha256:fdb6d215c776278489906c2f8916e6e7d4f5a9b602ccbcfdf7f016fc8da0596e"},
    {file = "urllib3-2.0.7.tar.gz", hash = "sha256:c97dfde1f7bd43a71c8d2a58e369e9b2bf692d1334ea9f9cae55add7d0dd0f84"},
]

[package.extras]
brotli = ["brotli (>=1.0.9)", "brotlicffi (>=0.8.0)"]
secure = ["certifi", "cryptography (>=1.9)", "idna (>=2.0.0)", "pyopenssl (>=17.1.0)", "urllib3-secure-extra"]
socks = ["pysocks (>=1.5.6,!=1.5.7,<2.0)"]
zstd = ["zstandard (>=0.18.0)"]

[metadata]
lock-version = "2.0"
python-versions = "^3.10"
content-hash = "df172182b0923300d1b7f751a315d858205d2bee5477e49af41033effb01e42e"
